
Microsoft Visual Studio Solution File, Format Version 12.00
# Visual Studio Version 17
VisualStudioVersion = 17.5.33530.505
MinimumVisualStudioVersion = 10.0.40219.1
Project("{FAE04EC0-301F-11D3-BF4B-00C04F79EFBC}") = "Lab21", "Lab21\Lab21.csproj", "{8B72B6CC-B24A-48C4-A4C1-EED7E1C0B512}"
EndProject
Project("{FAE04EC0-301F-11D3-BF4B-00C04F79EFBC}") = "Пример", "Пример\Пример.csproj", "{337B2A57-7788-402B-9296-B476A29C75E2}"
EndProject
Project("{FAE04EC0-301F-11D3-BF4B-00C04F79EFBC}") = "Пример2", "Пример2\Пример2.csproj", "{5BAB3E32-428A-4E02-8D6C-70BECF7D0B75}"
EndProject
Global
	GlobalSection(SolutionConfigurationPlatforms) = preSolution
		Debug|Any CPU = Debug|Any CPU
		Release|Any CPU = Release|Any CPU
	EndGlobalSection
	GlobalSection(ProjectConfigurationPlatforms) = postSolution
		{8B72B6CC-B24A-48C4-A4C1-EED7E1C0B512}.Debug|Any CPU.ActiveCfg = Debug|Any CPU
		{8B72B6CC-B24A-48C4-A4C1-EED7E1C0B512}.Debug|Any CPU.Build.0 = Debug|Any CPU
		{8B72B6CC-B24A-48C4-A4C1-EED7E1C0B512}.Release|Any CPU.ActiveCfg = Release|Any CPU
		{8B72B6CC-B24A-48C4-A4C1-EED7E1C0B512}.Release|Any CPU.Build.0 = Release|Any CPU
		{337B2A57-7788-402B-9296-B476A29C75E2}.Debug|Any CPU.ActiveCfg = Debug|Any CPU
		{337B2A57-7788-402B-9296-B476A29C75E2}.Debug|Any CPU.Build.0 = Debug|Any CPU
		{337B2A57-7788-402B-9296-B476A29C75E2}.Release|Any CPU.ActiveCfg = Release|Any CPU
		{337B2A57-7788-402B-9296-B476A29C75E2}.Release|Any CPU.Build.0 = Release|Any CPU
		{5BAB3E32-428A-4E02-8D6C-70BECF7D0B75}.Debug|Any CPU.ActiveCfg = Debug|Any CPU
		{5BAB3E32-428A-4E02-8D6C-70BECF7D0B75}.Debug|Any CPU.Build.0 = Debug|Any CPU
		{5BAB3E32-428A-4E02-8D6C-70BECF7D0B75}.Release|Any CPU.ActiveCfg = Release|Any CPU
		{5BAB3E32-428A-4E02-8D6C-70BECF7D0B75}.Release|Any CPU.Build.0 = Release|Any CPU
	EndGlobalSection
	GlobalSection(SolutionProperties) = preSolution
		HideSolutionNode = FALSE
	EndGlobalSection
	GlobalSection(ExtensibilityGlobals) = postSolution
		SolutionGuid = {4FE3A6AA-3373-4A4C-9AE7-80E0C5FE909A}
	EndGlobalSection
EndGlobal
